
Microsoft Visual Studio Solution File, Format Version 12.00
# Visual Studio Version 17
VisualStudioVersion = 17.5.33627.172
MinimumVisualStudioVersion = 10.0.40219.1
Project("{9A19103F-16F7-4668-BE54-9A1E7A4F7556}") = "Task_2", "Task_2\Task_2.csproj", "{62E47155-6057-4A2E-BE18-9EDB821D9C74}"
EndProject
Project("{9A19103F-16F7-4668-BE54-9A1E7A4F7556}") = "Task_3", "Task_3\Task_3.csproj", "{0B6E89DA-16D7-486A-B629-785C228177C2}"
EndProject
Project("{FAE04EC0-301F-11D3-BF4B-00C04F79EFBC}") = "Task_4", "Task_4\Task_4.csproj", "{E0A7B7CE-C334-44D1-8B34-48C0099A770C}"
EndProject
Project("{FAE04EC0-301F-11D3-BF4B-00C04F79EFBC}") = "Task_6", "Task_6\Task_6.csproj", "{5594857F-C40B-4569-ADEC-0E9C6028B96E}"
EndProject
Project("{FAE04EC0-301F-11D3-BF4B-00C04F79EFBC}") = "Task_7", "Task_7\Task_7.csproj", "{B8B44EF4-E63F-40B2-8C8F-8026CDBC67F3}"
EndProject
Global
	GlobalSection(SolutionConfigurationPlatforms) = preSolution
		Debug|Any CPU = Debug|Any CPU
		Release|Any CPU = Release|Any CPU
	EndGlobalSection
	GlobalSection(ProjectConfigurationPlatforms) = postSolution
		{62E47155-6057-4A2E-BE18-9EDB821D9C74}.Debug|Any CPU.ActiveCfg = Debug|Any CPU
		{62E47155-6057-4A2E-BE18-9EDB821D9C74}.Debug|Any CPU.Build.0 = Debug|Any CPU
		{62E47155-6057-4A2E-BE18-9EDB821D9C74}.Release|Any CPU.ActiveCfg = Release|Any CPU
		{62E47155-6057-4A2E-BE18-9EDB821D9C74}.Release|Any CPU.Build.0 = Release|Any CPU
		{0B6E89DA-16D7-486A-B629-785C228177C2}.Debug|Any CPU.ActiveCfg = Debug|Any CPU
		{0B6E89DA-16D7-486A-B629-785C228177C2}.Debug|Any CPU.Build.0 = Debug|Any CPU
		{0B6E89DA-16D7-486A-B629-785C228177C2}.Release|Any CPU.ActiveCfg = Release|Any CPU
		{0B6E89DA-16D7-486A-B629-785C228177C2}.Release|Any CPU.Build.0 = Release|Any CPU
		{E0A7B7CE-C334-44D1-8B34-48C0099A770C}.Debug|Any CPU.ActiveCfg = Debug|Any CPU
		{E0A7B7CE-C334-44D1-8B34-48C0099A770C}.Debug|Any CPU.Build.0 = Debug|Any CPU
		{E0A7B7CE-C334-44D1-8B34-48C0099A770C}.Release|Any CPU.ActiveCfg = Release|Any CPU
		{E0A7B7CE-C334-44D1-8B34-48C0099A770C}.Release|Any CPU.Build.0 = Release|Any CPU
		{5594857F-C40B-4569-ADEC-0E9C6028B96E}.Debug|Any CPU.ActiveCfg = Debug|Any CPU
		{5594857F-C40B-4569-ADEC-0E9C6028B96E}.Debug|Any CPU.Build.0 = Debug|Any CPU
		{5594857F-C40B-4569-ADEC-0E9C6028B96E}.Release|Any CPU.ActiveCfg = Release|Any CPU
		{5594857F-C40B-4569-ADEC-0E9C6028B96E}.Release|Any CPU.Build.0 = Release|Any CPU
		{B8B44EF4-E63F-40B2-8C8F-8026CDBC67F3}.Debug|Any CPU.ActiveCfg = Debug|Any CPU
		{B8B44EF4-E63F-40B2-8C8F-8026CDBC67F3}.Debug|Any CPU.Build.0 = Debug|Any CPU
		{B8B44EF4-E63F-40B2-8C8F-8026CDBC67F3}.Release|Any CPU.ActiveCfg = Release|Any CPU
		{B8B44EF4-E63F-40B2-8C8F-8026CDBC67F3}.Release|Any CPU.Build.0 = Release|Any CPU
	EndGlobalSection
	GlobalSection(SolutionProperties) = preSolution
		HideSolutionNode = FALSE
	EndGlobalSection
	GlobalSection(ExtensibilityGlobals) = postSolution
		SolutionGuid = {124FAF0D-0434-498F-AB00-4792AB2E9D2A}
	EndGlobalSection
EndGlobal
